// !$*UTF8*$!
{
	archiveVersion = 1;
	classes = {
	};
	objectVersion = 50;
	objects = {

/* Begin PBXBuildFile section */
		DC46E87C25E6704E00FC072C /* AppDelegate.swift in Sources */ = {isa = PBXBuildFile; fileRef = DC46E87B25E6704E00FC072C /* AppDelegate.swift */; };
		DC46E87E25E6704E00FC072C /* SceneDelegate.swift in Sources */ = {isa = PBXBuildFile; fileRef = DC46E87D25E6704E00FC072C /* SceneDelegate.swift */; };
		DC46E88025E6704E00FC072C /* ViewController.swift in Sources */ = {isa = PBXBuildFile; fileRef = DC46E87F25E6704E00FC072C /* ViewController.swift */; };
		DC46E88325E6704E00FC072C /* Main.storyboard in Resources */ = {isa = PBXBuildFile; fileRef = DC46E88125E6704E00FC072C /* Main.storyboard */; };
		DC46E88525E6705200FC072C /* Assets.xcassets in Resources */ = {isa = PBXBuildFile; fileRef = DC46E88425E6705200FC072C /* Assets.xcassets */; };
		DC46E88825E6705200FC072C /* LaunchScreen.storyboard in Resources */ = {isa = PBXBuildFile; fileRef = DC46E88625E6705200FC072C /* LaunchScreen.storyboard */; };
		DC46E89325E6705300FC072C /* SmartkargoTaskTests.swift in Sources */ = {isa = PBXBuildFile; fileRef = DC46E89225E6705300FC072C /* SmartkargoTaskTests.swift */; };
		DC46E89E25E6705300FC072C /* SmartkargoTaskUITests.swift in Sources */ = {isa = PBXBuildFile; fileRef = DC46E89D25E6705300FC072C /* SmartkargoTaskUITests.swift */; };
		DC46E8C925E6717300FC072C /* Items.swift in Sources */ = {isa = PBXBuildFile; fileRef = DC46E8C825E6717300FC072C /* Items.swift */; };
		DC46E8CE25E6718800FC072C /* ItemsTableViewCell.swift in Sources */ = {isa = PBXBuildFile; fileRef = DC46E8CD25E6718800FC072C /* ItemsTableViewCell.swift */; };
		DC46E8FA25E67C6400FC072C /* items.json in Resources */ = {isa = PBXBuildFile; fileRef = DC46E8F925E67C6400FC072C /* items.json */; };
/* End PBXBuildFile section */

/* Begin PBXContainerItemProxy section */
		DC46E88F25E6705300FC072C /* PBXContainerItemProxy */ = {
			isa = PBXContainerItemProxy;
			containerPortal = DC46E87025E6704E00FC072C /* Project object */;
			proxyType = 1;
			remoteGlobalIDString = DC46E87725E6704E00FC072C;
			remoteInfo = SmartkargoTask;
		};
		DC46E89A25E6705300FC072C /* PBXContainerItemProxy */ = {
			isa = PBXContainerItemProxy;
			containerPortal = DC46E87025E6704E00FC072C /* Project object */;
			proxyType = 1;
			remoteGlobalIDString = DC46E87725E6704E00FC072C;
			remoteInfo = SmartkargoTask;
		};
/* End PBXContainerItemProxy section */

/* Begin PBXFileReference section */
		DC46E87825E6704E00FC072C /* SmartkargoTask.app */ = {isa = PBXFileReference; explicitFileType = wrapper.application; includeInIndex = 0; path = SmartkargoTask.app; sourceTree = BUILT_PRODUCTS_DIR; };
		DC46E87B25E6704E00FC072C /* AppDelegate.swift */ = {isa = PBXFileReference; lastKnownFileType = sourcecode.swift; path = AppDelegate.swift; sourceTree = "<group>"; };
		DC46E87D25E6704E00FC072C /* SceneDelegate.swift */ = {isa = PBXFileReference; lastKnownFileType = sourcecode.swift; path = SceneDelegate.swift; sourceTree = "<group>"; };
		DC46E87F25E6704E00FC072C /* ViewController.swift */ = {isa = PBXFileReference; lastKnownFileType = sourcecode.swift; path = ViewController.swift; sourceTree = "<group>"; };
		DC46E88225E6704E00FC072C /* Base */ = {isa = PBXFileReference; lastKnownFileType = file.storyboard; name = Base; path = Base.lproj/Main.storyboard; sourceTree = "<group>"; };
		DC46E88425E6705200FC072C /* Assets.xcassets */ = {isa = PBXFileReference; lastKnownFileType = folder.assetcatalog; path = Assets.xcassets; sourceTree = "<group>"; };
		DC46E88725E6705200FC072C /* Base */ = {isa = PBXFileReference; lastKnownFileType = file.storyboard; name = Base; path = Base.lproj/LaunchScreen.storyboard; sourceTree = "<group>"; };
		DC46E88925E6705200FC072C /* Info.plist */ = {isa = PBXFileReference; lastKnownFileType = text.plist.xml; path = Info.plist; sourceTree = "<group>"; };
		DC46E88E25E6705300FC072C /* SmartkargoTaskTests.xctest */ = {isa = PBXFileReference; explicitFileType = wrapper.cfbundle; includeInIndex = 0; path = SmartkargoTaskTests.xctest; sourceTree = BUILT_PRODUCTS_DIR; };
		DC46E89225E6705300FC072C /* SmartkargoTaskTests.swift */ = {isa = PBXFileReference; lastKnownFileType = sourcecode.swift; path = SmartkargoTaskTests.swift; sourceTree = "<group>"; };
		DC46E89425E6705300FC072C /* Info.plist */ = {isa = PBXFileReference; lastKnownFileType = text.plist.xml; path = Info.plist; sourceTree = "<group>"; };
		DC46E89925E6705300FC072C /* SmartkargoTaskUITests.xctest */ = {isa = PBXFileReference; explicitFileType = wrapper.cfbundle; includeInIndex = 0; path = SmartkargoTaskUITests.xctest; sourceTree = BUILT_PRODUCTS_DIR; };
		DC46E89D25E6705300FC072C /* SmartkargoTaskUITests.swift */ = {isa = PBXFileReference; lastKnownFileType = sourcecode.swift; path = SmartkargoTaskUITests.swift; sourceTree = "<group>"; };
		DC46E89F25E6705300FC072C /* Info.plist */ = {isa = PBXFileReference; lastKnownFileType = text.plist.xml; path = Info.plist; sourceTree = "<group>"; };
		DC46E8C825E6717300FC072C /* Items.swift */ = {isa = PBXFileReference; lastKnownFileType = sourcecode.swift; path = Items.swift; sourceTree = "<group>"; };
		DC46E8CD25E6718800FC072C /* ItemsTableViewCell.swift */ = {isa = PBXFileReference; lastKnownFileType = sourcecode.swift; path = ItemsTableViewCell.swift; sourceTree = "<group>"; };
		DC46E8F925E67C6400FC072C /* items.json */ = {isa = PBXFileReference; lastKnownFileType = text.json; path = items.json; sourceTree = "<group>"; };
/* End PBXFileReference section */

/* Begin PBXFrameworksBuildPhase section */
		DC46E87525E6704E00FC072C /* Frameworks */ = {
			isa = PBXFrameworksBuildPhase;
			buildActionMask = 2147483647;
			files = (
			);
			runOnlyForDeploymentPostprocessing = 0;
		};
		DC46E88B25E6705300FC072C /* Frameworks */ = {
			isa = PBXFrameworksBuildPhase;
			buildActionMask = 2147483647;
			files = (
			);
			runOnlyForDeploymentPostprocessing = 0;
		};
		DC46E89625E6705300FC072C /* Frameworks */ = {
			isa = PBXFrameworksBuildPhase;
			buildActionMask = 2147483647;
			files = (
			);
			runOnlyForDeploymentPostprocessing = 0;
		};
/* End PBXFrameworksBuildPhase section */

/* Begin PBXGroup section */
		DC46E86F25E6704E00FC072C = {
			isa = PBXGroup;
			children = (
				DC46E87A25E6704E00FC072C /* SmartkargoTask */,
				DC46E89125E6705300FC072C /* SmartkargoTaskTests */,
				DC46E89C25E6705300FC072C /* SmartkargoTaskUITests */,
				DC46E87925E6704E00FC072C /* Products */,
			);
			sourceTree = "<group>";
		};
		DC46E87925E6704E00FC072C /* Products */ = {
			isa = PBXGroup;
			children = (
				DC46E87825E6704E00FC072C /* SmartkargoTask.app */,
				DC46E88E25E6705300FC072C /* SmartkargoTaskTests.xctest */,
				DC46E89925E6705300FC072C /* SmartkargoTaskUITests.xctest */,
			);
			name = Products;
			sourceTree = "<group>";
		};
		DC46E87A25E6704E00FC072C /* SmartkargoTask */ = {
			isa = PBXGroup;
			children = (
				DC46E8B425E6709900FC072C /* Models */,
				DC46E8B225E6708700FC072C /* Cells */,
				DC46E87B25E6704E00FC072C /* AppDelegate.swift */,
				DC46E87D25E6704E00FC072C /* SceneDelegate.swift */,
				DC46E87F25E6704E00FC072C /* ViewController.swift */,
				DC46E88125E6704E00FC072C /* Main.storyboard */,
				DC46E88425E6705200FC072C /* Assets.xcassets */,
				DC46E88625E6705200FC072C /* LaunchScreen.storyboard */,
				DC46E88925E6705200FC072C /* Info.plist */,
				DC46E8F925E67C6400FC072C /* items.json */,
			);
			path = SmartkargoTask;
			sourceTree = "<group>";
		};
		DC46E89125E6705300FC072C /* SmartkargoTaskTests */ = {
			isa = PBXGroup;
			children = (
				DC46E89225E6705300FC072C /* SmartkargoTaskTests.swift */,
				DC46E89425E6705300FC072C /* Info.plist */,
			);
			path = SmartkargoTaskTests;
			sourceTree = "<group>";
		};
		DC46E89C25E6705300FC072C /* SmartkargoTaskUITests */ = {
			isa = PBXGroup;
			children = (
				DC46E89D25E6705300FC072C /* SmartkargoTaskUITests.swift */,
				DC46E89F25E6705300FC072C /* Info.plist */,
			);
			path = SmartkargoTaskUITests;
			sourceTree = "<group>";
		};
		DC46E8B225E6708700FC072C /* Cells */ = {
			isa = PBXGroup;
			children = (
				DC46E8CD25E6718800FC072C /* ItemsTableViewCell.swift */,
			);
			path = Cells;
			sourceTree = "<group>";
		};
		DC46E8B425E6709900FC072C /* Models */ = {
			isa = PBXGroup;
			children = (
				DC46E8C825E6717300FC072C /* Items.swift */,
			);
			path = Models;
			sourceTree = "<group>";
		};
/* End PBXGroup section */

/* Begin PBXNativeTarget section */
		DC46E87725E6704E00FC072C /* SmartkargoTask */ = {
			isa = PBXNativeTarget;
			buildConfigurationList = DC46E8A225E6705300FC072C /* Build configuration list for PBXNativeTarget "SmartkargoTask" */;
			buildPhases = (
				DC46E87425E6704E00FC072C /* Sources */,
				DC46E87525E6704E00FC072C /* Frameworks */,
				DC46E87625E6704E00FC072C /* Resources */,
			);
			buildRules = (
			);
			dependencies = (
			);
			name = SmartkargoTask;
			productName = SmartkargoTask;
			productReference = DC46E87825E6704E00FC072C /* SmartkargoTask.app */;
			productType = "com.apple.product-type.application";
		};
		DC46E88D25E6705300FC072C /* SmartkargoTaskTests */ = {
			isa = PBXNativeTarget;
			buildConfigurationList = DC46E8A525E6705300FC072C /* Build configuration list for PBXNativeTarget "SmartkargoTaskTests" */;
			buildPhases = (
				DC46E88A25E6705300FC072C /* Sources */,
				DC46E88B25E6705300FC072C /* Frameworks */,
				DC46E88C25E6705300FC072C /* Resources */,
			);
			buildRules = (
			);
			dependencies = (
				DC46E89025E6705300FC072C /* PBXTargetDependency */,
			);
			name = SmartkargoTaskTests;
			productName = SmartkargoTaskTests;
			productReference = DC46E88E25E6705300FC072C /* SmartkargoTaskTests.xctest */;
			productType = "com.apple.product-type.bundle.unit-test";
		};
		DC46E89825E6705300FC072C /* SmartkargoTaskUITests */ = {
			isa = PBXNativeTarget;
			buildConfigurationList = DC46E8A825E6705300FC072C /* Build configuration list for PBXNativeTarget "SmartkargoTaskUITests" */;
			buildPhases = (
				DC46E89525E6705300FC072C /* Sources */,
				DC46E89625E6705300FC072C /* Frameworks */,
				DC46E89725E6705300FC072C /* Resources */,
			);
			buildRules = (
			);
			dependencies = (
				DC46E89B25E6705300FC072C /* PBXTargetDependency */,
			);
			name = SmartkargoTaskUITests;
			productName = SmartkargoTaskUITests;
			productReference = DC46E89925E6705300FC072C /* SmartkargoTaskUITests.xctest */;
			productType = "com.apple.product-type.bundle.ui-testing";
		};
/* End PBXNativeTarget section */

/* Begin PBXProject section */
		DC46E87025E6704E00FC072C /* Project object */ = {
			isa = PBXProject;
			attributes = {
				LastSwiftUpdateCheck = 1240;
				LastUpgradeCheck = 1240;
				TargetAttributes = {
					DC46E87725E6704E00FC072C = {
						CreatedOnToolsVersion = 12.4;
					};
					DC46E88D25E6705300FC072C = {
						CreatedOnToolsVersion = 12.4;
						TestTargetID = DC46E87725E6704E00FC072C;
					};
					DC46E89825E6705300FC072C = {
						CreatedOnToolsVersion = 12.4;
						TestTargetID = DC46E87725E6704E00FC072C;
					};
				};
			};
			buildConfigurationList = DC46E87325E6704E00FC072C /* Build configuration list for PBXProject "SmartkargoTask" */;
			compatibilityVersion = "Xcode 9.3";
			developmentRegion = en;
			hasScannedForEncodings = 0;
			knownRegions = (
				en,
				Base,
			);
			mainGroup = DC46E86F25E6704E00FC072C;
			productRefGroup = DC46E87925E6704E00FC072C /* Products */;
			projectDirPath = "";
			projectRoot = "";
			targets = (
				DC46E87725E6704E00FC072C /* SmartkargoTask */,
				DC46E88D25E6705300FC072C /* SmartkargoTaskTests */,
				DC46E89825E6705300FC072C /* SmartkargoTaskUITests */,
			);
		};
/* End PBXProject section */

/* Begin PBXResourcesBuildPhase section */
		DC46E87625E6704E00FC072C /* Resources */ = {
			isa = PBXResourcesBuildPhase;
			buildActionMask = 2147483647;
			files = (
				DC46E8FA25E67C6400FC072C /* items.json in Resources */,
				DC46E88825E6705200FC072C /* LaunchScreen.storyboard in Resources */,
				DC46E88525E6705200FC072C /* Assets.xcassets in Resources */,
				DC46E88325E6704E00FC072C /* Main.storyboard in Resources */,
			);
			runOnlyForDeploymentPostprocessing = 0;
		};
		DC46E88C25E6705300FC072C /* Resources */ = {
			isa = PBXResourcesBuildPhase;
			buildActionMask = 2147483647;
			files = (
			);
			runOnlyForDeploymentPostprocessing = 0;
		};
		DC46E89725E6705300FC072C /* Resources */ = {
			isa = PBXResourcesBuildPhase;
			buildActionMask = 2147483647;
			files = (
			);
			runOnlyForDeploymentPostprocessing = 0;
		};
/* End PBXResourcesBuildPhase section */

/* Begin PBXSourcesBuildPhase section */
		DC46E87425E6704E00FC072C /* Sources */ = {
			isa = PBXSourcesBuildPhase;
			buildActionMask = 2147483647;
			files = (
				DC46E8CE25E6718800FC072C /* ItemsTableViewCell.swift in Sources */,
				DC46E88025E6704E00FC072C /* ViewController.swift in Sources */,
				DC46E87C25E6704E00FC072C /* AppDelegate.swift in Sources */,
				DC46E8C925E6717300FC072C /* Items.swift in Sources */,
				DC46E87E25E6704E00FC072C /* SceneDelegate.swift in Sources */,
			);
			runOnlyForDeploymentPostprocessing = 0;
		};
		DC46E88A25E6705300FC072C /* Sources */ = {
			isa = PBXSourcesBuildPhase;
			buildActionMask = 2147483647;
			files = (
				DC46E89325E6705300FC072C /* SmartkargoTaskTests.swift in Sources */,
			);
			runOnlyForDeploymentPostprocessing = 0;
		};
		DC46E89525E6705300FC072C /* Sources */ = {
			isa = PBXSourcesBuildPhase;
			buildActionMask = 2147483647;
			files = (
				DC46E89E25E6705300FC072C /* SmartkargoTaskUITests.swift in Sources */,
			);
			runOnlyForDeploymentPostprocessing = 0;
		};
/* End PBXSourcesBuildPhase section */

/* Begin PBXTargetDependency section */
		DC46E89025E6705300FC072C /* PBXTargetDependency */ = {
			isa = PBXTargetDependency;
			target = DC46E87725E6704E00FC072C /* SmartkargoTask */;
			targetProxy = DC46E88F25E6705300FC072C /* PBXContainerItemProxy */;
		};
		DC46E89B25E6705300FC072C /* PBXTargetDependency */ = {
			isa = PBXTargetDependency;
			target = DC46E87725E6704E00FC072C /* SmartkargoTask */;
			targetProxy = DC46E89A25E6705300FC072C /* PBXContainerItemProxy */;
		};
/* End PBXTargetDependency section */

/* Begin PBXVariantGroup section */
		DC46E88125E6704E00FC072C /* Main.storyboard */ = {
			isa = PBXVariantGroup;
			children = (
				DC46E88225E6704E00FC072C /* Base */,
			);
			name = Main.storyboard;
			sourceTree = "<group>";
		};
		DC46E88625E6705200FC072C /* LaunchScreen.storyboard */ = {
			isa = PBXVariantGroup;
			children = (
				DC46E88725E6705200FC072C /* Base */,
			);
			name = LaunchScreen.storyboard;
			sourceTree = "<group>";
		};
/* End PBXVariantGroup section */

/* Begin XCBuildConfiguration section */
		DC46E8A025E6705300FC072C /* Debug */ = {
			isa = XCBuildConfiguration;
			buildSettings = {
				ALWAYS_SEARCH_USER_PATHS = NO;
				CLANG_ANALYZER_NONNULL = YES;
				CLANG_ANALYZER_NUMBER_OBJECT_CONVERSION = YES_AGGRESSIVE;
				CLANG_CXX_LANGUAGE_STANDARD = "gnu++14";
				CLANG_CXX_LIBRARY = "libc++";
				CLANG_ENABLE_MODULES = YES;
				CLANG_ENABLE_OBJC_ARC = YES;
				CLANG_ENABLE_OBJC_WEAK = YES;
				CLANG_WARN_BLOCK_CAPTURE_AUTORELEASING = YES;
				CLANG_WARN_BOOL_CONVERSION = YES;
				CLANG_WARN_COMMA = YES;
				CLANG_WARN_CONSTANT_CONVERSION = YES;
				CLANG_WARN_DEPRECATED_OBJC_IMPLEMENTATIONS = YES;
				CLANG_WARN_DIRECT_OBJC_ISA_USAGE = YES_ERROR;
				CLANG_WARN_DOCUMENTATION_COMMENTS = YES;
				CLANG_WARN_EMPTY_BODY = YES;
				CLANG_WARN_ENUM_CONVERSION = YES;
				CLANG_WARN_INFINITE_RECURSION = YES;
				CLANG_WARN_INT_CONVERSION = YES;
				CLANG_WARN_NON_LITERAL_NULL_CONVERSION = YES;
				CLANG_WARN_OBJC_IMPLICIT_RETAIN_SELF = YES;
				CLANG_WARN_OBJC_LITERAL_CONVERSION = YES;
				CLANG_WARN_OBJC_ROOT_CLASS = YES_ERROR;
				CLANG_WARN_QUOTED_INCLUDE_IN_FRAMEWORK_HEADER = YES;
				CLANG_WARN_RANGE_LOOP_ANALYSIS = YES;
				CLANG_WARN_STRICT_PROTOTYPES = YES;
				CLANG_WARN_SUSPICIOUS_MOVE = YES;
				CLANG_WARN_UNGUARDED_AVAILABILITY = YES_AGGRESSIVE;
				CLANG_WARN_UNREACHABLE_CODE = YES;
				CLANG_WARN__DUPLICATE_METHOD_MATCH = YES;
				COPY_PHASE_STRIP = NO;
				DEBUG_INFORMATION_FORMAT = dwarf;
				ENABLE_STRICT_OBJC_MSGSEND = YES;
				ENABLE_TESTABILITY = YES;
				GCC_C_LANGUAGE_STANDARD = gnu11;
				GCC_DYNAMIC_NO_PIC = NO;
				GCC_NO_COMMON_BLOCKS = YES;
				GCC_OPTIMIZATION_LEVEL = 0;
				GCC_PREPROCESSOR_DEFINITIONS = (
					"DEBUG=1",
					"$(inherited)",
				);
				GCC_WARN_64_TO_32_BIT_CONVERSION = YES;
				GCC_WARN_ABOUT_RETURN_TYPE = YES_ERROR;
				GCC_WARN_UNDECLARED_SELECTOR = YES;
				GCC_WARN_UNINITIALIZED_AUTOS = YES_AGGRESSIVE;
				GCC_WARN_UNUSED_FUNCTION = YES;
				GCC_WARN_UNUSED_VARIABLE = YES;
				IPHONEOS_DEPLOYMENT_TARGET = 14.4;
				MTL_ENABLE_DEBUG_INFO = INCLUDE_SOURCE;
				MTL_FAST_MATH = YES;
				ONLY_ACTIVE_ARCH = YES;
				SDKROOT = iphoneos;
				SWIFT_ACTIVE_COMPILATION_CONDITIONS = DEBUG;
				SWIFT_OPTIMIZATION_LEVEL = "-Onone";
			};
			name = Debug;
		};
		DC46E8A125E6705300FC072C /* Release */ = {
			isa = XCBuildConfiguration;
			buildSettings = {
				ALWAYS_SEARCH_USER_PATHS = NO;
				CLANG_ANALYZER_NONNULL = YES;
				CLANG_ANALYZER_NUMBER_OBJECT_CONVERSION = YES_AGGRESSIVE;
				CLANG_CXX_LANGUAGE_STANDARD = "gnu++14";
				CLANG_CXX_LIBRARY = "libc++";
				CLANG_ENABLE_MODULES = YES;
				CLANG_ENABLE_OBJC_ARC = YES;
				CLANG_ENABLE_OBJC_WEAK = YES;
				CLANG_WARN_BLOCK_CAPTURE_AUTORELEASING = YES;
				CLANG_WARN_BOOL_CONVERSION = YES;
				CLANG_WARN_COMMA = YES;
				CLANG_WARN_CONSTANT_CONVERSION = YES;
				CLANG_WARN_DEPRECATED_OBJC_IMPLEMENTATIONS = YES;
				CLANG_WARN_DIRECT_OBJC_ISA_USAGE = YES_ERROR;
				CLANG_WARN_DOCUMENTATION_COMMENTS = YES;
				CLANG_WARN_EMPTY_BODY = YES;
				CLANG_WARN_ENUM_CONVERSION = YES;
				CLANG_WARN_INFINITE_RECURSION = YES;
				CLANG_WARN_INT_CONVERSION = YES;
				CLANG_WARN_NON_LITERAL_NULL_CONVERSION = YES;
				CLANG_WARN_OBJC_IMPLICIT_RETAIN_SELF = YES;
				CLANG_WARN_OBJC_LITERAL_CONVERSION = YES;
				CLANG_WARN_OBJC_ROOT_CLASS = YES_ERROR;
				CLANG_WARN_QUOTED_INCLUDE_IN_FRAMEWORK_HEADER = YES;
				CLANG_WARN_RANGE_LOOP_ANALYSIS = YES;
				CLANG_WARN_STRICT_PROTOTYPES = YES;
				CLANG_WARN_SUSPICIOUS_MOVE = YES;
				CLANG_WARN_UNGUARDED_AVAILABILITY = YES_AGGRESSIVE;
				CLANG_WARN_UNREACHABLE_CODE = YES;
				CLANG_WARN__DUPLICATE_METHOD_MATCH = YES;
				COPY_PHASE_STRIP = NO;
				DEBUG_INFORMATION_FORMAT = "dwarf-with-dsym";
				ENABLE_NS_ASSERTIONS = NO;
				ENABLE_STRICT_OBJC_MSGSEND = YES;
				GCC_C_LANGUAGE_STANDARD = gnu11;
				GCC_NO_COMMON_BLOCKS = YES;
				GCC_WARN_64_TO_32_BIT_CONVERSION = YES;
				GCC_WARN_ABOUT_RETURN_TYPE = YES_ERROR;
				GCC_WARN_UNDECLARED_SELECTOR = YES;
				GCC_WARN_UNINITIALIZED_AUTOS = YES_AGGRESSIVE;
				GCC_WARN_UNUSED_FUNCTION = YES;
				GCC_WARN_UNUSED_VARIABLE = YES;
				IPHONEOS_DEPLOYMENT_TARGET = 14.4;
				MTL_ENABLE_DEBUG_INFO = NO;
				MTL_FAST_MATH = YES;
				SDKROOT = iphoneos;
				SWIFT_COMPILATION_MODE = wholemodule;
				SWIFT_OPTIMIZATION_LEVEL = "-O";
				VALIDATE_PRODUCT = YES;
			};
			name = Release;
		};
		DC46E8A325E6705300FC072C /* Debug */ = {
			isa = XCBuildConfiguration;
			buildSettings = {
				ASSETCATALOG_COMPILER_APPICON_NAME = AppIcon;
				ASSETCATALOG_COMPILER_GLOBAL_ACCENT_COLOR_NAME = AccentColor;
				CODE_SIGN_STYLE = Automatic;
				INFOPLIST_FILE = SmartkargoTask/Info.plist;
				LD_RUNPATH_SEARCH_PATHS = (
					"$(inherited)",
					"@executable_path/Frameworks",
				);
				PRODUCT_BUNDLE_IDENTIFIER = com.SmartkargoTask.SmartkargoTask;
				PRODUCT_NAME = "$(TARGET_NAME)";
				SWIFT_VERSION = 5.0;
				TARGETED_DEVICE_FAMILY = "1,2";
			};
			name = Debug;
		};
		DC46E8A425E6705300FC072C /* Release */ = {
			isa = XCBuildConfiguration;
			buildSettings = {
				ASSETCATALOG_COMPILER_APPICON_NAME = AppIcon;
				ASSETCATALOG_COMPILER_GLOBAL_ACCENT_COLOR_NAME = AccentColor;
				CODE_SIGN_STYLE = Automatic;
				INFOPLIST_FILE = SmartkargoTask/Info.plist;
				LD_RUNPATH_SEARCH_PATHS = (
					"$(inherited)",
					"@executable_path/Frameworks",
				);
				PRODUCT_BUNDLE_IDENTIFIER = com.SmartkargoTask.SmartkargoTask;
				PRODUCT_NAME = "$(TARGET_NAME)";
				SWIFT_VERSION = 5.0;
				TARGETED_DEVICE_FAMILY = "1,2";
			};
			name = Release;
		};
		DC46E8A625E6705300FC072C /* Debug */ = {
			isa = XCBuildConfiguration;
			buildSettings = {
				ALWAYS_EMBED_SWIFT_STANDARD_LIBRARIES = YES;
				BUNDLE_LOADER = "$(TEST_HOST)";
				CODE_SIGN_STYLE = Automatic;
				INFOPLIST_FILE = SmartkargoTaskTests/Info.plist;
				IPHONEOS_DEPLOYMENT_TARGET = 14.4;
				LD_RUNPATH_SEARCH_PATHS = (
					"$(inherited)",
					"@executable_path/Frameworks",
					"@loader_path/Frameworks",
				);
				PRODUCT_BUNDLE_IDENTIFIER = com.SmartkargoTask.SmartkargoTaskTests;
				PRODUCT_NAME = "$(TARGET_NAME)";
				SWIFT_VERSION = 5.0;
				TARGETED_DEVICE_FAMILY = "1,2";
				TEST_HOST = "$(BUILT_PRODUCTS_DIR)/SmartkargoTask.app/SmartkargoTask";
			};
			name = Debug;
		};
		DC46E8A725E6705300FC072C /* Release */ = {
			isa = XCBuildConfiguration;
			buildSettings = {
				ALWAYS_EMBED_SWIFT_STANDARD_LIBRARIES = YES;
				BUNDLE_LOADER = "$(TEST_HOST)";
				CODE_SIGN_STYLE = Automatic;
				INFOPLIST_FILE = SmartkargoTaskTests/Info.plist;
				IPHONEOS_DEPLOYMENT_TARGET = 14.4;
				LD_RUNPATH_SEARCH_PATHS = (
					"$(inherited)",
					"@executable_path/Frameworks",
					"@loader_path/Frameworks",
				);
				PRODUCT_BUNDLE_IDENTIFIER = com.SmartkargoTask.SmartkargoTaskTests;
				PRODUCT_NAME = "$(TARGET_NAME)";
				SWIFT_VERSION = 5.0;
				TARGETED_DEVICE_FAMILY = "1,2";
				TEST_HOST = "$(BUILT_PRODUCTS_DIR)/SmartkargoTask.app/SmartkargoTask";
			};
			name = Release;
		};
		DC46E8A925E6705300FC072C /* Debug */ = {
			isa = XCBuildConfiguration;
			buildSettings = {
				ALWAYS_EMBED_SWIFT_STANDARD_LIBRARIES = YES;
				CODE_SIGN_STYLE = Automatic;
				INFOPLIST_FILE = SmartkargoTaskUITests/Info.plist;
				LD_RUNPATH_SEARCH_PATHS = (
					"$(inherited)",
					"@executable_path/Frameworks",
					"@loader_path/Frameworks",
				);
				PRODUCT_BUNDLE_IDENTIFIER = com.SmartkargoTask.SmartkargoTaskUITests;
				PRODUCT_NAME = "$(TARGET_NAME)";
				SWIFT_VERSION = 5.0;
				TARGETED_DEVICE_FAMILY = "1,2";
				TEST_TARGET_NAME = SmartkargoTask;
			};
			name = Debug;
		};
		DC46E8AA25E6705300FC072C /* Release */ = {
			isa = XCBuildConfiguration;
			buildSettings = {
				ALWAYS_EMBED_SWIFT_STANDARD_LIBRARIES = YES;
				CODE_SIGN_STYLE = Automatic;
				INFOPLIST_FILE = SmartkargoTaskUITests/Info.plist;
				LD_RUNPATH_SEARCH_PATHS = (
					"$(inherited)",
					"@executable_path/Frameworks",
					"@loader_path/Frameworks",
				);
				PRODUCT_BUNDLE_IDENTIFIER = com.SmartkargoTask.SmartkargoTaskUITests;
				PRODUCT_NAME = "$(TARGET_NAME)";
				SWIFT_VERSION = 5.0;
				TARGETED_DEVICE_FAMILY = "1,2";
				TEST_TARGET_NAME = SmartkargoTask;
			};
			name = Release;
		};
/* End XCBuildConfiguration section */

/* Begin XCConfigurationList section */
		DC46E87325E6704E00FC072C /* Build configuration list for PBXProject "SmartkargoTask" */ = {
			isa = XCConfigurationList;
			buildConfigurations = (
				DC46E8A025E6705300FC072C /* Debug */,
				DC46E8A125E6705300FC072C /* Release */,
			);
			defaultConfigurationIsVisible = 0;
			defaultConfigurationName = Release;
		};
		DC46E8A225E6705300FC072C /* Build configuration list for PBXNativeTarget "SmartkargoTask" */ = {
			isa = XCConfigurationList;
			buildConfigurations = (
				DC46E8A325E6705300FC072C /* Debug */,
				DC46E8A425E6705300FC072C /* Release */,
			);
			defaultConfigurationIsVisible = 0;
			defaultConfigurationName = Release;
		};
		DC46E8A525E6705300FC072C /* Build configuration list for PBXNativeTarget "SmartkargoTaskTests" */ = {
			isa = XCConfigurationList;
			buildConfigurations = (
				DC46E8A625E6705300FC072C /* Debug */,
				DC46E8A725E6705300FC072C /* Release */,
			);
			defaultConfigurationIsVisible = 0;
			defaultConfigurationName = Release;
		};
		DC46E8A825E6705300FC072C /* Build configuration list for PBXNativeTarget "SmartkargoTaskUITests" */ = {
			isa = XCConfigurationList;
			buildConfigurations = (
				DC46E8A925E6705300FC072C /* Debug */,
				DC46E8AA25E6705300FC072C /* Release */,
			);
			defaultConfigurationIsVisible = 0;
			defaultConfigurationName = Release;
		};
/* End XCConfigurationList section */
	};
	rootObject = DC46E87025E6704E00FC072C /* Project object */;
}
